
Microsoft Visual Studio Solution File, Format Version 12.00
# Visual Studio 2013
VisualStudioVersion = 12.0.40629.0
MinimumVisualStudioVersion = 10.0.40219.1
Project("{6989167D-11E4-40FE-8C1A-2192A86A7E90}") = "Console2", "Console2\Console2.vfproj", "{D3A8F657-03BC-4121-9F26-3DAB1E86D61A}"
EndProject
Global
	GlobalSection(SolutionConfigurationPlatforms) = preSolution
		Debug|Win32 = Debug|Win32
		Release|Win32 = Release|Win32
	EndGlobalSection
	GlobalSection(ProjectConfigurationPlatforms) = postSolution
		{D3A8F657-03BC-4121-9F26-3DAB1E86D61A}.Debug|Win32.ActiveCfg = Debug|Win32
		{D3A8F657-03BC-4121-9F26-3DAB1E86D61A}.Debug|Win32.Build.0 = Debug|Win32
		{D3A8F657-03BC-4121-9F26-3DAB1E86D61A}.Release|Win32.ActiveCfg = Release|Win32
		{D3A8F657-03BC-4121-9F26-3DAB1E86D61A}.Release|Win32.Build.0 = Release|Win32
	EndGlobalSection
	GlobalSection(SolutionProperties) = preSolution
		HideSolutionNode = FALSE
	EndGlobalSection
EndGlobal
