<?xml version="1.0" encoding="utf-8"?>
<Project ToolsVersion="4.0" xmlns="http://schemas.microsoft.com/developer/msbuild/2003">
  <ItemGroup>
    <Filter Include="源文件">
      <UniqueIdentifier>{4FC737F1-C7A5-4376-A066-2A32D752A2FF}</UniqueIdentifier>
      <Extensions>cpp;c;cc;cxx;def;odl;idl;hpj;bat;asm;asmx</Extensions>
    </Filter>
    <Filter Include="头文件">
      <UniqueIdentifier>{93995380-89BD-4b04-88EB-625FBE52EBFB}</UniqueIdentifier>
      <Extensions>h;hh;hpp;hxx;hm;inl;inc;xsd</Extensions>
    </Filter>
    <Filter Include="资源文件">
      <UniqueIdentifier>{67DA6AB6-F800-4c08-8B7A-83BB121AAD01}</UniqueIdentifier>
      <Extensions>rc;ico;cur;bmp;dlg;rc2;rct;bin;rgs;gif;jpg;jpeg;jpe;resx;tiff;tif;png;wav;mfcribbon-ms</Extensions>
    </Filter>
  </ItemGroup>
  <ItemGroup>
    <ClCompile Include="..\新建文件夹\analysis.cpp">
      <Filter>源文件</Filter>
    </ClCompile>
    <ClCompile Include="..\新建文件夹\detwf.cpp">
      <Filter>源文件</Filter>
    </ClCompile>
    <ClCompile Include="..\新建文件夹\fpctrl.cpp">
      <Filter>源文件</Filter>
    </ClCompile>
    <ClCompile Include="..\新建文件夹\jastrow.cpp">
      <Filter>源文件</Filter>
    </ClCompile>
    <ClCompile Include="..\新建文件夹\lattice.cpp">
      <Filter>源文件</Filter>
    </ClCompile>
    <ClCompile Include="..\新建文件夹\lattice_1dchain.cpp">
      <Filter>源文件</Filter>
    </ClCompile>
    <ClCompile Include="..\新建文件夹\lattice_2dsqr.cpp">
      <Filter>源文件</Filter>
    </ClCompile>
    <ClCompile Include="..\新建文件夹\lattice_2dsqr2layer.cpp">
      <Filter>源文件</Filter>
    </ClCompile>
    <ClCompile Include="..\新建文件夹\main.cpp">
      <Filter>源文件</Filter>
    </ClCompile>
    <ClCompile Include="..\新建文件夹\mccresults.cpp">
      <Filter>源文件</Filter>
    </ClCompile>
    <ClCompile Include="..\新建文件夹\mccrun.cpp">
      <Filter>源文件</Filter>
    </ClCompile>
    <ClCompile Include="..\新建文件夹\mccrun_prepare.cpp">
      <Filter>源文件</Filter>
    </ClCompile>
    <ClCompile Include="..\新建文件夹\modman.cpp">
      <Filter>源文件</Filter>
    </ClCompile>
    <ClCompile Include="..\新建文件夹\obs_corr.cpp">
      <Filter>源文件</Filter>
    </ClCompile>
    <ClCompile Include="..\新建文件夹\obs_dblocc.cpp">
      <Filter>源文件</Filter>
    </ClCompile>
    <ClCompile Include="..\新建文件夹\obs_deltak.cpp">
      <Filter>源文件</Filter>
    </ClCompile>
    <ClCompile Include="..\新建文件夹\obs_dkdkp.cpp">
      <Filter>源文件</Filter>
    </ClCompile>
    <ClCompile Include="..\新建文件夹\obs_dkerg.cpp">
      <Filter>源文件</Filter>
    </ClCompile>
    <ClCompile Include="..\新建文件夹\obs_energy.cpp">
      <Filter>源文件</Filter>
    </ClCompile>
    <ClCompile Include="..\新建文件夹\obs_nncorr.cpp">
      <Filter>源文件</Filter>
    </ClCompile>
    <ClCompile Include="..\新建文件夹\obs_pconfs.cpp">
      <Filter>源文件</Filter>
    </ClCompile>
    <ClCompile Include="..\新建文件夹\obs_sscorr.cpp">
      <Filter>源文件</Filter>
    </ClCompile>
    <ClCompile Include="..\新建文件夹\options.cpp">
      <Filter>源文件</Filter>
    </ClCompile>
    <ClCompile Include="..\新建文件夹\pconf.cpp">
      <Filter>源文件</Filter>
    </ClCompile>
    <ClCompile Include="..\新建文件夹\sched.cpp">
      <Filter>源文件</Filter>
    </ClCompile>
    <ClCompile Include="..\新建文件夹\tvector.cpp">
      <Filter>源文件</Filter>
    </ClCompile>
    <ClCompile Include="..\新建文件夹\utils.cpp">
      <Filter>源文件</Filter>
    </ClCompile>
    <ClCompile Include="..\新建文件夹\varparam.cpp">
      <Filter>源文件</Filter>
    </ClCompile>
    <ClCompile Include="..\新建文件夹\wmatrix.cpp">
      <Filter>源文件</Filter>
    </ClCompile>
  </ItemGroup>
  <ItemGroup>
    <ClInclude Include="..\新建文件夹\macros.h">
      <Filter>头文件</Filter>
    </ClInclude>
    <ClInclude Include="..\新建文件夹\analysis.hpp">
      <Filter>头文件</Filter>
    </ClInclude>
    <ClInclude Include="..\新建文件夹\detwf.hpp">
      <Filter>头文件</Filter>
    </ClInclude>
    <ClInclude Include="..\新建文件夹\fpctrl.hpp">
      <Filter>头文件</Filter>
    </ClInclude>
    <ClInclude Include="..\新建文件夹\fptype.hpp">
      <Filter>头文件</Filter>
    </ClInclude>
    <ClInclude Include="..\新建文件夹\jastrow.hpp">
      <Filter>头文件</Filter>
    </ClInclude>
    <ClInclude Include="..\新建文件夹\lattice.hpp">
      <Filter>头文件</Filter>
    </ClInclude>
    <ClInclude Include="..\新建文件夹\lattice_1dchain.hpp">
      <Filter>头文件</Filter>
    </ClInclude>
    <ClInclude Include="..\新建文件夹\lattice_2dsqr.hpp">
      <Filter>头文件</Filter>
    </ClInclude>
    <ClInclude Include="..\新建文件夹\lattice_2dsqr2layer.hpp">
      <Filter>头文件</Filter>
    </ClInclude>
    <ClInclude Include="..\新建文件夹\mccresults.hpp">
      <Filter>头文件</Filter>
    </ClInclude>
    <ClInclude Include="..\新建文件夹\mccrun.hpp">
      <Filter>头文件</Filter>
    </ClInclude>
    <ClInclude Include="..\新建文件夹\mccrun_prepare.hpp">
      <Filter>头文件</Filter>
    </ClInclude>
    <ClInclude Include="..\新建文件夹\mktest.hpp">
      <Filter>头文件</Filter>
    </ClInclude>
    <ClInclude Include="..\新建文件夹\modman.hpp">
      <Filter>头文件</Filter>
    </ClInclude>
    <ClInclude Include="..\新建文件夹\msgtags.hpp">
      <Filter>头文件</Filter>
    </ClInclude>
    <ClInclude Include="..\新建文件夹\obs.hpp">
      <Filter>头文件</Filter>
    </ClInclude>
    <ClInclude Include="..\新建文件夹\obs_all.hpp">
      <Filter>头文件</Filter>
    </ClInclude>
    <ClInclude Include="..\新建文件夹\obs_corr.hpp">
      <Filter>头文件</Filter>
    </ClInclude>
    <ClInclude Include="..\新建文件夹\obs_dblocc.hpp">
      <Filter>头文件</Filter>
    </ClInclude>
    <ClInclude Include="..\新建文件夹\obs_deltak.hpp">
      <Filter>头文件</Filter>
    </ClInclude>
    <ClInclude Include="..\新建文件夹\obs_dkdkp.hpp">
      <Filter>头文件</Filter>
    </ClInclude>
    <ClInclude Include="..\新建文件夹\obs_dkerg.hpp">
      <Filter>头文件</Filter>
    </ClInclude>
    <ClInclude Include="..\新建文件夹\obs_energy.hpp">
      <Filter>头文件</Filter>
    </ClInclude>
    <ClInclude Include="..\新建文件夹\obs_nncorr.hpp">
      <Filter>头文件</Filter>
    </ClInclude>
    <ClInclude Include="..\新建文件夹\obs_pconfs.hpp">
      <Filter>头文件</Filter>
    </ClInclude>
    <ClInclude Include="..\新建文件夹\obs_sscorr.hpp">
      <Filter>头文件</Filter>
    </ClInclude>
    <ClInclude Include="..\新建文件夹\options.hpp">
      <Filter>头文件</Filter>
    </ClInclude>
    <ClInclude Include="..\新建文件夹\pconf.hpp">
      <Filter>头文件</Filter>
    </ClInclude>
    <ClInclude Include="..\新建文件夹\sched.hpp">
      <Filter>头文件</Filter>
    </ClInclude>
    <ClInclude Include="..\新建文件夹\serialization_eigen.hpp">
      <Filter>头文件</Filter>
    </ClInclude>
    <ClInclude Include="..\新建文件夹\tvector.hpp">
      <Filter>头文件</Filter>
    </ClInclude>
    <ClInclude Include="..\新建文件夹\utils.hpp">
      <Filter>头文件</Filter>
    </ClInclude>
    <ClInclude Include="..\新建文件夹\varparam.hpp">
      <Filter>头文件</Filter>
    </ClInclude>
    <ClInclude Include="..\新建文件夹\wmatrix.hpp">
      <Filter>头文件</Filter>
    </ClInclude>
  </ItemGroup>
</Project>